PODS:
  - NMapsGeometry (1.0.2)
  - NMapsMap (3.18.0):
    - NMapsGeometry

DEPENDENCIES:
  - NMapsMap (= 3.18.0)

SPEC REPOS:
  trunk:
    - NMapsGeometry
    - NMapsMap

SPEC CHECKSUMS:
  NMapsGeometry: 4e02554fa9880ef02ed96b075dc84355d6352479
  NMapsMap: 36dc18a1f5f315121b33fccd2398c7a702bf0fc8

PODFILE CHECKSUM: 0fc081e1c6c560f70efd99ed6a4e362750cc1789

COCOAPODS: 1.16.2
